github.com/BurntSushi/toml v0.3.1/go.mod h1:xHWCNGjB5oqiDr8zfno3MHue2Ht5sIBksp03qcyfWMU=
github.com/cpuguy83/go-md2man/v2 v2.0.0-20190314233015-f79a8a8ca69d/go.mod h1:maD7wRr/U5Z6m/iR4s+kqSMx2CaBsrgA7czyZG/E6dU=
github.com/golang/geo v0.0.0-20200319012246-673a6f80352d h1:C/hKUcHT483btRbeGkrRjJz+Zbcj8audldIi9tRJDCc=
github.com/golang/geo v0.0.0-20200319012246-673a6f80352d/go.mod h1:QZ0nwyI2jOfgRAoBvP+ab5aRr7c9x7lhGEJrKvBwjWI=
github.com/pmezard/go-difflib v1.0.0/go.mod h1:iKH77koFhYxTK1pcRnkKkqfTogsbg7gZNVY4sRDYZ/4=
github.com/russross/blackfriday/v2 v2.0.1/go.mod h1:+Rmxgy9KzJVeS9/2gXHxylqXiyQDYRxCVz55jmeOWTM=
github.com/s51ds/qthdb v0.0.0-20211022151320-3e0f3f64ad53 h1:D8hKqicVddMn9EBio5w3x3h3PFbfFEsJNWNem+s5zWE=
github.com/s51ds/qthdb v0.0.0-20211022151320-3e0f3f64ad53/go.mod h1:lgIMjTai4Pq5q57agyLjQuTnsbCOXP0Ghz+x0RmvnsY=
github.com/s51ds/qthgeo v0.0.0-20211022153818-99c9b17a2810 h1:gSIqFeWy0eviV19Uk/zaWNkHkIW/Cu1fPiCLYiS5Tdg=
github.com/s51ds/qthgeo v0.0.0-20211022153818-99c9b17a2810/go.mod h1:oYKT2aZjcL16aKXj5ph0VkyhFgOPeqL3G7EiqKC6t7E=
github.com/s51ds/validators v0.0.0-20210426164757-146110d9e22d h1:XUN7plRjg9VMfGMCrl1q2tnbKI00ENVGNCW1RHctC4g=
github.com/s51ds/validators v0.0.0-20210426164757-146110d9e22d/go.mod h1:Eh8IjGkGxBZZJide8QEfIP2XLVWMQA+191PgNB5/MrU=
github.com/shurcooL/sanitized_anchor_name v1.0.0/go.mod h1:1NzhyTcUVG4SuEtjjoZeVRXNmyL/1OwPU0+IJeTBvfc=
github.com/urfave/cli/v2 v2.3.0/go.mod h1:LJmUH05zAU44vOAcrfzZQKsZbVcdbOG8rtL3/XcUArI=
gopkg.in/check.v1 v0.0.0-20161208181325-20d25e280405/go.mod h1:Co6ibVJAznAaIkqp8huTwlJQCZ016jof/cbN4VW5Yz0=
gopkg.in/yaml.v2 v2.2.3/go.mod h1:hI93XBmqTisBFMUTm0b8Fm+jr3Dg1NNxqwp+5A1VGuI=
